
Microsoft Visual Studio Solution File, Format Version 12.00
# Visual Studio Version 16
VisualStudioVersion = 16.0.31727.386
MinimumVisualStudioVersion = 10.0.40219.1
Project("{FAE04EC0-301F-11D3-BF4B-00C04F79EFBC}") = "KanbanBoard", "KanbanBoard\KanbanBoard.csproj", "{B5CDE9CA-B592-4314-8C4E-D3108DC86655}"
EndProject
Global
	GlobalSection(SolutionConfigurationPlatforms) = preSolution
		Debug|Any CPU = Debug|Any CPU
		Release|Any CPU = Release|Any CPU
	EndGlobalSection
	GlobalSection(ProjectConfigurationPlatforms) = postSolution
		{B5CDE9CA-B592-4314-8C4E-D3108DC86655}.Debug|Any CPU.ActiveCfg = Debug|Any CPU
		{B5CDE9CA-B592-4314-8C4E-D3108DC86655}.Debug|Any CPU.Build.0 = Debug|Any CPU
		{B5CDE9CA-B592-4314-8C4E-D3108DC86655}.Release|Any CPU.ActiveCfg = Release|Any CPU
		{B5CDE9CA-B592-4314-8C4E-D3108DC86655}.Release|Any CPU.Build.0 = Release|Any CPU
	EndGlobalSection
	GlobalSection(SolutionProperties) = preSolution
		HideSolutionNode = FALSE
	EndGlobalSection
	GlobalSection(ExtensibilityGlobals) = postSolution
		SolutionGuid = {EB12569E-EF02-4142-9E7D-9B980A0638AE}
	EndGlobalSection
EndGlobal
